
Microsoft Visual Studio Solution File, Format Version 12.00
# Visual Studio Version 16
VisualStudioVersion = 16.0.30225.117
MinimumVisualStudioVersion = 10.0.40219.1
Project("{FAE04EC0-301F-11D3-BF4B-00C04F79EFBC}") = "Method Hidind in C sharp", "Method Hidind in C sharp\Method Hidind in C sharp.csproj", "{7CDC1F52-755E-4670-A24D-717331216806}"
EndProject
Global
	GlobalSection(SolutionConfigurationPlatforms) = preSolution
		Debug|Any CPU = Debug|Any CPU
		Release|Any CPU = Release|Any CPU
	EndGlobalSection
	GlobalSection(ProjectConfigurationPlatforms) = postSolution
		{7CDC1F52-755E-4670-A24D-717331216806}.Debug|Any CPU.ActiveCfg = Debug|Any CPU
		{7CDC1F52-755E-4670-A24D-717331216806}.Debug|Any CPU.Build.0 = Debug|Any CPU
		{7CDC1F52-755E-4670-A24D-717331216806}.Release|Any CPU.ActiveCfg = Release|Any CPU
		{7CDC1F52-755E-4670-A24D-717331216806}.Release|Any CPU.Build.0 = Release|Any CPU
	EndGlobalSection
	GlobalSection(SolutionProperties) = preSolution
		HideSolutionNode = FALSE
	EndGlobalSection
	GlobalSection(ExtensibilityGlobals) = postSolution
		SolutionGuid = {3C1D5651-2863-4A01-9CDD-060F976C8F60}
	EndGlobalSection
EndGlobal
