
Microsoft Visual Studio Solution File, Format Version 12.00
# Visual Studio Version 16
VisualStudioVersion = 16.0.30225.117
MinimumVisualStudioVersion = 10.0.40219.1
Project("{FAE04EC0-301F-11D3-BF4B-00C04F79EFBC}") = "Method Overriding VS Method Hiding", "Method Overriding VS Method Hiding\Method Overriding VS Method Hiding.csproj", "{21B5A04A-6BA6-46AD-BE6B-3613BF771469}"
EndProject
Global
	GlobalSection(SolutionConfigurationPlatforms) = preSolution
		Debug|Any CPU = Debug|Any CPU
		Release|Any CPU = Release|Any CPU
	EndGlobalSection
	GlobalSection(ProjectConfigurationPlatforms) = postSolution
		{21B5A04A-6BA6-46AD-BE6B-3613BF771469}.Debug|Any CPU.ActiveCfg = Debug|Any CPU
		{21B5A04A-6BA6-46AD-BE6B-3613BF771469}.Debug|Any CPU.Build.0 = Debug|Any CPU
		{21B5A04A-6BA6-46AD-BE6B-3613BF771469}.Release|Any CPU.ActiveCfg = Release|Any CPU
		{21B5A04A-6BA6-46AD-BE6B-3613BF771469}.Release|Any CPU.Build.0 = Release|Any CPU
	EndGlobalSection
	GlobalSection(SolutionProperties) = preSolution
		HideSolutionNode = FALSE
	EndGlobalSection
	GlobalSection(ExtensibilityGlobals) = postSolution
		SolutionGuid = {561077FD-CBF7-4F1A-8C20-71EDE7052940}
	EndGlobalSection
EndGlobal
