
Microsoft Visual Studio Solution File, Format Version 12.00
# Visual Studio Version 16
VisualStudioVersion = 16.0.30225.117
MinimumVisualStudioVersion = 10.0.40219.1
Project("{FAE04EC0-301F-11D3-BF4B-00C04F79EFBC}") = "Part2", "Part2\Part2.csproj", "{3B130EE6-F8FF-4AC4-AC63-B972DC44D105}"
EndProject
Global
	GlobalSection(SolutionConfigurationPlatforms) = preSolution
		Debug|Any CPU = Debug|Any CPU
		Release|Any CPU = Release|Any CPU
	EndGlobalSection
	GlobalSection(ProjectConfigurationPlatforms) = postSolution
		{3B130EE6-F8FF-4AC4-AC63-B972DC44D105}.Debug|Any CPU.ActiveCfg = Debug|Any CPU
		{3B130EE6-F8FF-4AC4-AC63-B972DC44D105}.Debug|Any CPU.Build.0 = Debug|Any CPU
		{3B130EE6-F8FF-4AC4-AC63-B972DC44D105}.Release|Any CPU.ActiveCfg = Release|Any CPU
		{3B130EE6-F8FF-4AC4-AC63-B972DC44D105}.Release|Any CPU.Build.0 = Release|Any CPU
	EndGlobalSection
	GlobalSection(SolutionProperties) = preSolution
		HideSolutionNode = FALSE
	EndGlobalSection
	GlobalSection(ExtensibilityGlobals) = postSolution
		SolutionGuid = {F6D64F60-D260-45C0-995D-1A671304616B}
	EndGlobalSection
EndGlobal
