
Microsoft Visual Studio Solution File, Format Version 12.00
# Visual Studio Version 16
VisualStudioVersion = 16.0.30225.117
MinimumVisualStudioVersion = 10.0.40219.1
Project("{FAE04EC0-301F-11D3-BF4B-00C04F79EFBC}") = "Method Parameters", "Method Parameters\Method Parameters.csproj", "{DA7B32BB-080F-4891-BD70-C2351C40C2C1}"
EndProject
Global
	GlobalSection(SolutionConfigurationPlatforms) = preSolution
		Debug|Any CPU = Debug|Any CPU
		Release|Any CPU = Release|Any CPU
	EndGlobalSection
	GlobalSection(ProjectConfigurationPlatforms) = postSolution
		{DA7B32BB-080F-4891-BD70-C2351C40C2C1}.Debug|Any CPU.ActiveCfg = Debug|Any CPU
		{DA7B32BB-080F-4891-BD70-C2351C40C2C1}.Debug|Any CPU.Build.0 = Debug|Any CPU
		{DA7B32BB-080F-4891-BD70-C2351C40C2C1}.Release|Any CPU.ActiveCfg = Release|Any CPU
		{DA7B32BB-080F-4891-BD70-C2351C40C2C1}.Release|Any CPU.Build.0 = Release|Any CPU
	EndGlobalSection
	GlobalSection(SolutionProperties) = preSolution
		HideSolutionNode = FALSE
	EndGlobalSection
	GlobalSection(ExtensibilityGlobals) = postSolution
		SolutionGuid = {8C46C7C9-25B5-4964-8574-A2B82C80C892}
	EndGlobalSection
EndGlobal
