
Microsoft Visual Studio Solution File, Format Version 12.00
# Visual Studio Version 16
VisualStudioVersion = 16.0.30225.117
MinimumVisualStudioVersion = 10.0.40219.1
Project("{FAE04EC0-301F-11D3-BF4B-00C04F79EFBC}") = "Difference between Class and Structs", "Difference between Class and Structs\Difference between Class and Structs.csproj", "{E8615C6F-5846-43BB-B789-0E64AC9928D6}"
EndProject
Global
	GlobalSection(SolutionConfigurationPlatforms) = preSolution
		Debug|Any CPU = Debug|Any CPU
		Release|Any CPU = Release|Any CPU
	EndGlobalSection
	GlobalSection(ProjectConfigurationPlatforms) = postSolution
		{E8615C6F-5846-43BB-B789-0E64AC9928D6}.Debug|Any CPU.ActiveCfg = Debug|Any CPU
		{E8615C6F-5846-43BB-B789-0E64AC9928D6}.Debug|Any CPU.Build.0 = Debug|Any CPU
		{E8615C6F-5846-43BB-B789-0E64AC9928D6}.Release|Any CPU.ActiveCfg = Release|Any CPU
		{E8615C6F-5846-43BB-B789-0E64AC9928D6}.Release|Any CPU.Build.0 = Release|Any CPU
	EndGlobalSection
	GlobalSection(SolutionProperties) = preSolution
		HideSolutionNode = FALSE
	EndGlobalSection
	GlobalSection(ExtensibilityGlobals) = postSolution
		SolutionGuid = {CD15641A-20A8-402E-AD9A-15E7A9A7941A}
	EndGlobalSection
EndGlobal
