
Microsoft Visual Studio Solution File, Format Version 12.00
# Visual Studio Version 16
VisualStudioVersion = 16.0.30225.117
MinimumVisualStudioVersion = 10.0.40219.1
Project("{FAE04EC0-301F-11D3-BF4B-00C04F79EFBC}") = "Part3 Built In Types", "Part3 Built In Types\Part3 Built In Types.csproj", "{4897AE64-4A63-473A-AFD2-CBD3C65EBB0A}"
EndProject
Global
	GlobalSection(SolutionConfigurationPlatforms) = preSolution
		Debug|Any CPU = Debug|Any CPU
		Release|Any CPU = Release|Any CPU
	EndGlobalSection
	GlobalSection(ProjectConfigurationPlatforms) = postSolution
		{4897AE64-4A63-473A-AFD2-CBD3C65EBB0A}.Debug|Any CPU.ActiveCfg = Debug|Any CPU
		{4897AE64-4A63-473A-AFD2-CBD3C65EBB0A}.Debug|Any CPU.Build.0 = Debug|Any CPU
		{4897AE64-4A63-473A-AFD2-CBD3C65EBB0A}.Release|Any CPU.ActiveCfg = Release|Any CPU
		{4897AE64-4A63-473A-AFD2-CBD3C65EBB0A}.Release|Any CPU.Build.0 = Release|Any CPU
	EndGlobalSection
	GlobalSection(SolutionProperties) = preSolution
		HideSolutionNode = FALSE
	EndGlobalSection
	GlobalSection(ExtensibilityGlobals) = postSolution
		SolutionGuid = {366C809A-13D1-4B4E-8588-395E68C8C680}
	EndGlobalSection
EndGlobal
